
Microsoft Visual Studio Solution File, Format Version 12.00
# Visual Studio Version 17
VisualStudioVersion = 17.9.34723.18
MinimumVisualStudioVersion = 10.0.40219.1
Project("{FAE04EC0-301F-11D3-BF4B-00C04F79EFBC}") = "EKacus.API", "src\EKacus.API\EKacus.API.csproj", "{6E0985E9-BA20-451E-937F-91307A7A71A4}"
EndProject
Global
	GlobalSection(SolutionConfigurationPlatforms) = preSolution
		Debug|Any CPU = Debug|Any CPU
		Release|Any CPU = Release|Any CPU
	EndGlobalSection
	GlobalSection(ProjectConfigurationPlatforms) = postSolution
		{6E0985E9-BA20-451E-937F-91307A7A71A4}.Debug|Any CPU.ActiveCfg = Debug|Any CPU
		{6E0985E9-BA20-451E-937F-91307A7A71A4}.Debug|Any CPU.Build.0 = Debug|Any CPU
		{6E0985E9-BA20-451E-937F-91307A7A71A4}.Release|Any CPU.ActiveCfg = Release|Any CPU
		{6E0985E9-BA20-451E-937F-91307A7A71A4}.Release|Any CPU.Build.0 = Release|Any CPU
	EndGlobalSection
	GlobalSection(SolutionProperties) = preSolution
		HideSolutionNode = FALSE
	EndGlobalSection
	GlobalSection(ExtensibilityGlobals) = postSolution
		SolutionGuid = {0EAD0F0A-2F7B-4EF0-A03B-4DDA762A0DB4}
	EndGlobalSection
EndGlobal
